{
    __meta__ = {
        version = "1.0"
    },
    ["macosx|arm64"] = {
        ["cmake >=3.11#f56260b5"] = {
            repo = {
                branch = "master",
                commit = "67bc9ac98b7aa6e1967ad44ed709fb3cc07d9835",
                url = "https://gitlab.com/tboox/xmake-repo.git"
            },
            version = "4.2.3"
        },
        ["ninja#f56260b5"] = {
            repo = {
                branch = "master",
                commit = "67bc9ac98b7aa6e1967ad44ed709fb3cc07d9835",
                url = "https://gitlab.com/tboox/xmake-repo.git"
            },
            version = "v1.13.1"
        },
        ["opengl#f56260b5"] = {
            repo = {
                branch = "master",
                commit = "67bc9ac98b7aa6e1967ad44ed709fb3cc07d9835",
                url = "https://gitlab.com/tboox/xmake-repo.git"
            },
            version = "latest"
        },
        ["raylib#f56260b5"] = {
            repo = {
                branch = "master",
                commit = "67bc9ac98b7aa6e1967ad44ed709fb3cc07d9835",
                url = "https://gitlab.com/tboox/xmake-repo.git"
            },
            version = "6.0"
        }
    }
}